
Microsoft Visual Studio Solution File, Format Version 11.00
# Visual Studio 2010
Project("{FAE04EC0-301F-11D3-BF4B-00C04F79EFBC}") = "Assembly-CSharp", "Assembly-CSharp.csproj", "{7510BB05-2C57-B524-BB73-8226DF2A3C04}"
EndProject
Project("{FAE04EC0-301F-11D3-BF4B-00C04F79EFBC}") = "Assembly-CSharp-Editor", "Assembly-CSharp-Editor.csproj", "{24E0F42D-5DB4-0BFD-2CE5-BF47ECF0A421}"
EndProject
Global
	GlobalSection(SolutionConfigurationPlatforms) = preSolution
		Debug|Any CPU = Debug|Any CPU
		Release|Any CPU = Release|Any CPU
	EndGlobalSection
	GlobalSection(ProjectConfigurationPlatforms) = postSolution
		{7510BB05-2C57-B524-BB73-8226DF2A3C04}.Debug|Any CPU.ActiveCfg = Debug|Any CPU
		{7510BB05-2C57-B524-BB73-8226DF2A3C04}.Debug|Any CPU.Build.0 = Debug|Any CPU
		{7510BB05-2C57-B524-BB73-8226DF2A3C04}.Release|Any CPU.ActiveCfg = Release|Any CPU
		{7510BB05-2C57-B524-BB73-8226DF2A3C04}.Release|Any CPU.Build.0 = Release|Any CPU
		{24E0F42D-5DB4-0BFD-2CE5-BF47ECF0A421}.Debug|Any CPU.ActiveCfg = Debug|Any CPU
		{24E0F42D-5DB4-0BFD-2CE5-BF47ECF0A421}.Debug|Any CPU.Build.0 = Debug|Any CPU
		{24E0F42D-5DB4-0BFD-2CE5-BF47ECF0A421}.Release|Any CPU.ActiveCfg = Release|Any CPU
		{24E0F42D-5DB4-0BFD-2CE5-BF47ECF0A421}.Release|Any CPU.Build.0 = Release|Any CPU
	EndGlobalSection
	GlobalSection(SolutionProperties) = preSolution
		HideSolutionNode = FALSE
	EndGlobalSection
EndGlobal
